// !$*UTF8*$!
{
	archiveVersion = 1;
	classes = {
	};
	objectVersion = 50;
	objects = {

/* Begin PBXBuildFile section */
		09D04E7F21728E6500BBA901 /* AppDelegate.swift in Sources */ = {isa = PBXBuildFile; fileRef = 09D04E7E21728E6500BBA901 /* AppDelegate.swift */; };
		09D04E8121728E6500BBA901 /* ViewController.swift in Sources */ = {isa = PBXBuildFile; fileRef = 09D04E8021728E6500BBA901 /* ViewController.swift */; };
		09D04E8421728E6500BBA901 /* Main.storyboard in Resources */ = {isa = PBXBuildFile; fileRef = 09D04E8221728E6500BBA901 /* Main.storyboard */; };
		09D04E8621728E6700BBA901 /* Assets.xcassets in Resources */ = {isa = PBXBuildFile; fileRef = 09D04E8521728E6700BBA901 /* Assets.xcassets */; };
		09D04E8921728E6700BBA901 /* LaunchScreen.storyboard in Resources */ = {isa = PBXBuildFile; fileRef = 09D04E8721728E6700BBA901 /* LaunchScreen.storyboard */; };
		09D04E9421728E6700BBA901 /* FlashcardsTests.swift in Sources */ = {isa = PBXBuildFile; fileRef = 09D04E9321728E6700BBA901 /* FlashcardsTests.swift */; };
		09D04E9F21728E6700BBA901 /* FlashcardsUITests.swift in Sources */ = {isa = PBXBuildFile; fileRef = 09D04E9E21728E6700BBA901 /* FlashcardsUITests.swift */; };
		09EB602C2184F27C00FA5C5D /* CreationViewController.swift in Sources */ = {isa = PBXBuildFile; fileRef = 09EB602B2184F27C00FA5C5D /* CreationViewController.swift */; };
/* End PBXBuildFile section */

/* Begin PBXContainerItemProxy section */
		09D04E9021728E6700BBA901 /* PBXContainerItemProxy */ = {
			isa = PBXContainerItemProxy;
			containerPortal = 09D04E7321728E6500BBA901 /* Project object */;
			proxyType = 1;
			remoteGlobalIDString = 09D04E7A21728E6500BBA901;
			remoteInfo = Flashcards;
		};
		09D04E9B21728E6700BBA901 /* PBXContainerItemProxy */ = {
			isa = PBXContainerItemProxy;
			containerPortal = 09D04E7321728E6500BBA901 /* Project object */;
			proxyType = 1;
			remoteGlobalIDString = 09D04E7A21728E6500BBA901;
			remoteInfo = Flashcards;
		};
/* End PBXContainerItemProxy section */

/* Begin PBXFileReference section */
		09D04E7B21728E6500BBA901 /* Flashcards.app */ = {isa = PBXFileReference; explicitFileType = wrapper.application; includeInIndex = 0; path = Flashcards.app; sourceTree = BUILT_PRODUCTS_DIR; };
		09D04E7E21728E6500BBA901 /* AppDelegate.swift */ = {isa = PBXFileReference; lastKnownFileType = sourcecode.swift; path = AppDelegate.swift; sourceTree = "<group>"; };
		09D04E8021728E6500BBA901 /* ViewController.swift */ = {isa = PBXFileReference; lastKnownFileType = sourcecode.swift; path = ViewController.swift; sourceTree = "<group>"; };
		09D04E8321728E6500BBA901 /* Base */ = {isa = PBXFileReference; lastKnownFileType = file.storyboard; name = Base; path = Base.lproj/Main.storyboard; sourceTree = "<group>"; };
		09D04E8521728E6700BBA901 /* Assets.xcassets */ = {isa = PBXFileReference; lastKnownFileType = folder.assetcatalog; path = Assets.xcassets; sourceTree = "<group>"; };
		09D04E8821728E6700BBA901 /* Base */ = {isa = PBXFileReference; lastKnownFileType = file.storyboard; name = Base; path = Base.lproj/LaunchScreen.storyboard; sourceTree = "<group>"; };
		09D04E8A21728E6700BBA901 /* Info.plist */ = {isa = PBXFileReference; lastKnownFileType = text.plist.xml; path = Info.plist; sourceTree = "<group>"; };
		09D04E8F21728E6700BBA901 /* FlashcardsTests.xctest */ = {isa = PBXFileReference; explicitFileType = wrapper.cfbundle; includeInIndex = 0; path = FlashcardsTests.xctest; sourceTree = BUILT_PRODUCTS_DIR; };
		09D04E9321728E6700BBA901 /* FlashcardsTests.swift */ = {isa = PBXFileReference; lastKnownFileType = sourcecode.swift; path = FlashcardsTests.swift; sourceTree = "<group>"; };
		09D04E9521728E6700BBA901 /* Info.plist */ = {isa = PBXFileReference; lastKnownFileType = text.plist.xml; path = Info.plist; sourceTree = "<group>"; };
		09D04E9A21728E6700BBA901 /* FlashcardsUITests.xctest */ = {isa = PBXFileReference; explicitFileType = wrapper.cfbundle; includeInIndex = 0; path = FlashcardsUITests.xctest; sourceTree = BUILT_PRODUCTS_DIR; };
		09D04E9E21728E6700BBA901 /* FlashcardsUITests.swift */ = {isa = PBXFileReference; lastKnownFileType = sourcecode.swift; path = FlashcardsUITests.swift; sourceTree = "<group>"; };
		09D04EA021728E6700BBA901 /* Info.plist */ = {isa = PBXFileReference; lastKnownFileType = text.plist.xml; path = Info.plist; sourceTree = "<group>"; };
		09EB602B2184F27C00FA5C5D /* CreationViewController.swift */ = {isa = PBXFileReference; lastKnownFileType = sourcecode.swift; path = CreationViewController.swift; sourceTree = "<group>"; };
/* End PBXFileReference section */

/* Begin PBXFrameworksBuildPhase section */
		09D04E7821728E6500BBA901 /* Frameworks */ = {
			isa = PBXFrameworksBuildPhase;
			buildActionMask = 2147483647;
			files = (
			);
			runOnlyForDeploymentPostprocessing = 0;
		};
		09D04E8C21728E6700BBA901 /* Frameworks */ = {
			isa = PBXFrameworksBuildPhase;
			buildActionMask = 2147483647;
			files = (
			);
			runOnlyForDeploymentPostprocessing = 0;
		};
		09D04E9721728E6700BBA901 /* Frameworks */ = {
			isa = PBXFrameworksBuildPhase;
			buildActionMask = 2147483647;
			files = (
			);
			runOnlyForDeploymentPostprocessing = 0;
		};
/* End PBXFrameworksBuildPhase section */

/* Begin PBXGroup section */
		09D04E7221728E6500BBA901 = {
			isa = PBXGroup;
			children = (
				09D04E7D21728E6500BBA901 /* Flashcards */,
				09D04E9221728E6700BBA901 /* FlashcardsTests */,
				09D04E9D21728E6700BBA901 /* FlashcardsUITests */,
				09D04E7C21728E6500BBA901 /* Products */,
			);
			sourceTree = "<group>";
		};
		09D04E7C21728E6500BBA901 /* Products */ = {
			isa = PBXGroup;
			children = (
				09D04E7B21728E6500BBA901 /* Flashcards.app */,
				09D04E8F21728E6700BBA901 /* FlashcardsTests.xctest */,
				09D04E9A21728E6700BBA901 /* FlashcardsUITests.xctest */,
			);
			name = Products;
			sourceTree = "<group>";
		};
		09D04E7D21728E6500BBA901 /* Flashcards */ = {
			isa = PBXGroup;
			children = (
				09D04E7E21728E6500BBA901 /* AppDelegate.swift */,
				09D04E8021728E6500BBA901 /* ViewController.swift */,
				09D04E8221728E6500BBA901 /* Main.storyboard */,
				09EB602B2184F27C00FA5C5D /* CreationViewController.swift */,
				09D04E8521728E6700BBA901 /* Assets.xcassets */,
				09D04E8721728E6700BBA901 /* LaunchScreen.storyboard */,
				09D04E8A21728E6700BBA901 /* Info.plist */,
			);
			path = Flashcards;
			sourceTree = "<group>";
		};
		09D04E9221728E6700BBA901 /* FlashcardsTests */ = {
			isa = PBXGroup;
			children = (
				09D04E9321728E6700BBA901 /* FlashcardsTests.swift */,
				09D04E9521728E6700BBA901 /* Info.plist */,
			);
			path = FlashcardsTests;
			sourceTree = "<group>";
		};
		09D04E9D21728E6700BBA901 /* FlashcardsUITests */ = {
			isa = PBXGroup;
			children = (
				09D04E9E21728E6700BBA901 /* FlashcardsUITests.swift */,
				09D04EA021728E6700BBA901 /* Info.plist */,
			);
			path = FlashcardsUITests;
			sourceTree = "<group>";
		};
/* End PBXGroup section */

/* Begin PBXNativeTarget section */
		09D04E7A21728E6500BBA901 /* Flashcards */ = {
			isa = PBXNativeTarget;
			buildConfigurationList = 09D04EA321728E6700BBA901 /* Build configuration list for PBXNativeTarget "Flashcards" */;
			buildPhases = (
				09D04E7721728E6500BBA901 /* Sources */,
				09D04E7821728E6500BBA901 /* Frameworks */,
				09D04E7921728E6500BBA901 /* Resources */,
			);
			buildRules = (
			);
			dependencies = (
			);
			name = Flashcards;
			productName = Flashcards;
			productReference = 09D04E7B21728E6500BBA901 /* Flashcards.app */;
			productType = "com.apple.product-type.application";
		};
		09D04E8E21728E6700BBA901 /* FlashcardsTests */ = {
			isa = PBXNativeTarget;
			buildConfigurationList = 09D04EA621728E6700BBA901 /* Build configuration list for PBXNativeTarget "FlashcardsTests" */;
			buildPhases = (
				09D04E8B21728E6700BBA901 /* Sources */,
				09D04E8C21728E6700BBA901 /* Frameworks */,
				09D04E8D21728E6700BBA901 /* Resources */,
			);
			buildRules = (
			);
			dependencies = (
				09D04E9121728E6700BBA901 /* PBXTargetDependency */,
			);
			name = FlashcardsTests;
			productName = FlashcardsTests;
			productReference = 09D04E8F21728E6700BBA901 /* FlashcardsTests.xctest */;
			productType = "com.apple.product-type.bundle.unit-test";
		};
		09D04E9921728E6700BBA901 /* FlashcardsUITests */ = {
			isa = PBXNativeTarget;
			buildConfigurationList = 09D04EA921728E6700BBA901 /* Build configuration list for PBXNativeTarget "FlashcardsUITests" */;
			buildPhases = (
				09D04E9621728E6700BBA901 /* Sources */,
				09D04E9721728E6700BBA901 /* Frameworks */,
				09D04E9821728E6700BBA901 /* Resources */,
			);
			buildRules = (
			);
			dependencies = (
				09D04E9C21728E6700BBA901 /* PBXTargetDependency */,
			);
			name = FlashcardsUITests;
			productName = FlashcardsUITests;
			productReference = 09D04E9A21728E6700BBA901 /* FlashcardsUITests.xctest */;
			productType = "com.apple.product-type.bundle.ui-testing";
		};
/* End PBXNativeTarget section */

/* Begin PBXProject section */
		09D04E7321728E6500BBA901 /* Project object */ = {
			isa = PBXProject;
			attributes = {
				LastSwiftUpdateCheck = 1000;
				LastUpgradeCheck = 1000;
				ORGANIZATIONNAME = "Ethel Wong";
				TargetAttributes = {
					09D04E7A21728E6500BBA901 = {
						CreatedOnToolsVersion = 10.0;
					};
					09D04E8E21728E6700BBA901 = {
						CreatedOnToolsVersion = 10.0;
						TestTargetID = 09D04E7A21728E6500BBA901;
					};
					09D04E9921728E6700BBA901 = {
						CreatedOnToolsVersion = 10.0;
						TestTargetID = 09D04E7A21728E6500BBA901;
					};
				};
			};
			buildConfigurationList = 09D04E7621728E6500BBA901 /* Build configuration list for PBXProject "Flashcards" */;
			compatibilityVersion = "Xcode 9.3";
			developmentRegion = en;
			hasScannedForEncodings = 0;
			knownRegions = (
				en,
				Base,
			);
			mainGroup = 09D04E7221728E6500BBA901;
			productRefGroup = 09D04E7C21728E6500BBA901 /* Products */;
			projectDirPath = "";
			projectRoot = "";
			targets = (
				09D04E7A21728E6500BBA901 /* Flashcards */,
				09D04E8E21728E6700BBA901 /* FlashcardsTests */,
				09D04E9921728E6700BBA901 /* FlashcardsUITests */,
			);
		};
/* End PBXProject section */

/* Begin PBXResourcesBuildPhase section */
		09D04E7921728E6500BBA901 /* Resources */ = {
			isa = PBXResourcesBuildPhase;
			buildActionMask = 2147483647;
			files = (
				09D04E8921728E6700BBA901 /* LaunchScreen.storyboard in Resources */,
				09D04E8621728E6700BBA901 /* Assets.xcassets in Resources */,
				09D04E8421728E6500BBA901 /* Main.storyboard in Resources */,
			);
			runOnlyForDeploymentPostprocessing = 0;
		};
		09D04E8D21728E6700BBA901 /* Resources */ = {
			isa = PBXResourcesBuildPhase;
			buildActionMask = 2147483647;
			files = (
			);
			runOnlyForDeploymentPostprocessing = 0;
		};
		09D04E9821728E6700BBA901 /* Resources */ = {
			isa = PBXResourcesBuildPhase;
			buildActionMask = 2147483647;
			files = (
			);
			runOnlyForDeploymentPostprocessing = 0;
		};
/* End PBXResourcesBuildPhase section */

/* Begin PBXSourcesBuildPhase section */
		09D04E7721728E6500BBA901 /* Sources */ = {
			isa = PBXSourcesBuildPhase;
			buildActionMask = 2147483647;
			files = (
				09D04E8121728E6500BBA901 /* ViewController.swift in Sources */,
				09D04E7F21728E6500BBA901 /* AppDelegate.swift in Sources */,
				09EB602C2184F27C00FA5C5D /* CreationViewController.swift in Sources */,
			);
			runOnlyForDeploymentPostprocessing = 0;
		};
		09D04E8B21728E6700BBA901 /* Sources */ = {
			isa = PBXSourcesBuildPhase;
			buildActionMask = 2147483647;
			files = (
				09D04E9421728E6700BBA901 /* FlashcardsTests.swift in Sources */,
			);
			runOnlyForDeploymentPostprocessing = 0;
		};
		09D04E9621728E6700BBA901 /* Sources */ = {
			isa = PBXSourcesBuildPhase;
			buildActionMask = 2147483647;
			files = (
				09D04E9F21728E6700BBA901 /* FlashcardsUITests.swift in Sources */,
			);
			runOnlyForDeploymentPostprocessing = 0;
		};
/* End PBXSourcesBuildPhase section */

/* Begin PBXTargetDependency section */
		09D04E9121728E6700BBA901 /* PBXTargetDependency */ = {
			isa = PBXTargetDependency;
			target = 09D04E7A21728E6500BBA901 /* Flashcards */;
			targetProxy = 09D04E9021728E6700BBA901 /* PBXContainerItemProxy */;
		};
		09D04E9C21728E6700BBA901 /* PBXTargetDependency */ = {
			isa = PBXTargetDependency;
			target = 09D04E7A21728E6500BBA901 /* Flashcards */;
			targetProxy = 09D04E9B21728E6700BBA901 /* PBXContainerItemProxy */;
		};
/* End PBXTargetDependency section */

/* Begin PBXVariantGroup section */
		09D04E8221728E6500BBA901 /* Main.storyboard */ = {
			isa = PBXVariantGroup;
			children = (
				09D04E8321728E6500BBA901 /* Base */,
			);
			name = Main.storyboard;
			sourceTree = "<group>";
		};
		09D04E8721728E6700BBA901 /* LaunchScreen.storyboard */ = {
			isa = PBXVariantGroup;
			children = (
				09D04E8821728E6700BBA901 /* Base */,
			);
			name = LaunchScreen.storyboard;
			sourceTree = "<group>";
		};
/* End PBXVariantGroup section */

/* Begin XCBuildConfiguration section */
		09D04EA121728E6700BBA901 /* Debug */ = {
			isa = XCBuildConfiguration;
			buildSettings = {
				ALWAYS_SEARCH_USER_PATHS = NO;
				CLANG_ANALYZER_NONNULL = YES;
				CLANG_ANALYZER_NUMBER_OBJECT_CONVERSION = YES_AGGRESSIVE;
				CLANG_CXX_LANGUAGE_STANDARD = "gnu++14";
				CLANG_CXX_LIBRARY = "libc++";
				CLANG_ENABLE_MODULES = YES;
				CLANG_ENABLE_OBJC_ARC = YES;
				CLANG_ENABLE_OBJC_WEAK = YES;
				CLANG_WARN_BLOCK_CAPTURE_AUTORELEASING = YES;
				CLANG_WARN_BOOL_CONVERSION = YES;
				CLANG_WARN_COMMA = YES;
				CLANG_WARN_CONSTANT_CONVERSION = YES;
				CLANG_WARN_DEPRECATED_OBJC_IMPLEMENTATIONS = YES;
				CLANG_WARN_DIRECT_OBJC_ISA_USAGE = YES_ERROR;
				CLANG_WARN_DOCUMENTATION_COMMENTS = YES;
				CLANG_WARN_EMPTY_BODY = YES;
				CLANG_WARN_ENUM_CONVERSION = YES;
				CLANG_WARN_INFINITE_RECURSION = YES;
				CLANG_WARN_INT_CONVERSION = YES;
				CLANG_WARN_NON_LITERAL_NULL_CONVERSION = YES;
				CLANG_WARN_OBJC_IMPLICIT_RETAIN_SELF = YES;
				CLANG_WARN_OBJC_LITERAL_CONVERSION = YES;
				CLANG_WARN_OBJC_ROOT_CLASS = YES_ERROR;
				CLANG_WARN_RANGE_LOOP_ANALYSIS = YES;
				CLANG_WARN_STRICT_PROTOTYPES = YES;
				CLANG_WARN_SUSPICIOUS_MOVE = YES;
				CLANG_WARN_UNGUARDED_AVAILABILITY = YES_AGGRESSIVE;
				CLANG_WARN_UNREACHABLE_CODE = YES;
				CLANG_WARN__DUPLICATE_METHOD_MATCH = YES;
				CODE_SIGN_IDENTITY = "iPhone Developer";
				COPY_PHASE_STRIP = NO;
				DEBUG_INFORMATION_FORMAT = dwarf;
				ENABLE_STRICT_OBJC_MSGSEND = YES;
				ENABLE_TESTABILITY = YES;
				GCC_C_LANGUAGE_STANDARD = gnu11;
				GCC_DYNAMIC_NO_PIC = NO;
				GCC_NO_COMMON_BLOCKS = YES;
				GCC_OPTIMIZATION_LEVEL = 0;
				GCC_PREPROCESSOR_DEFINITIONS = (
					"DEBUG=1",
					"$(inherited)",
				);
				GCC_WARN_64_TO_32_BIT_CONVERSION = YES;
				GCC_WARN_ABOUT_RETURN_TYPE = YES_ERROR;
				GCC_WARN_UNDECLARED_SELECTOR = YES;
				GCC_WARN_UNINITIALIZED_AUTOS = YES_AGGRESSIVE;
				GCC_WARN_UNUSED_FUNCTION = YES;
				GCC_WARN_UNUSED_VARIABLE = YES;
				IPHONEOS_DEPLOYMENT_TARGET = 12.0;
				MTL_ENABLE_DEBUG_INFO = INCLUDE_SOURCE;
				MTL_FAST_MATH = YES;
				ONLY_ACTIVE_ARCH = YES;
				SDKROOT = iphoneos;
				SWIFT_ACTIVE_COMPILATION_CONDITIONS = DEBUG;
				SWIFT_OPTIMIZATION_LEVEL = "-Onone";
			};
			name = Debug;
		};
		09D04EA221728E6700BBA901 /* Release */ = {
			isa = XCBuildConfiguration;
			buildSettings = {
				ALWAYS_SEARCH_USER_PATHS = NO;
				CLANG_ANALYZER_NONNULL = YES;
				CLANG_ANALYZER_NUMBER_OBJECT_CONVERSION = YES_AGGRESSIVE;
				CLANG_CXX_LANGUAGE_STANDARD = "gnu++14";
				CLANG_CXX_LIBRARY = "libc++";
				CLANG_ENABLE_MODULES = YES;
				CLANG_ENABLE_OBJC_ARC = YES;
				CLANG_ENABLE_OBJC_WEAK = YES;
				CLANG_WARN_BLOCK_CAPTURE_AUTORELEASING = YES;
				CLANG_WARN_BOOL_CONVERSION = YES;
				CLANG_WARN_COMMA = YES;
				CLANG_WARN_CONSTANT_CONVERSION = YES;
				CLANG_WARN_DEPRECATED_OBJC_IMPLEMENTATIONS = YES;
				CLANG_WARN_DIRECT_OBJC_ISA_USAGE = YES_ERROR;
				CLANG_WARN_DOCUMENTATION_COMMENTS = YES;
				CLANG_WARN_EMPTY_BODY = YES;
				CLANG_WARN_ENUM_CONVERSION = YES;
				CLANG_WARN_INFINITE_RECURSION = YES;
				CLANG_WARN_INT_CONVERSION = YES;
				CLANG_WARN_NON_LITERAL_NULL_CONVERSION = YES;
				CLANG_WARN_OBJC_IMPLICIT_RETAIN_SELF = YES;
				CLANG_WARN_OBJC_LITERAL_CONVERSION = YES;
				CLANG_WARN_OBJC_ROOT_CLASS = YES_ERROR;
				CLANG_WARN_RANGE_LOOP_ANALYSIS = YES;
				CLANG_WARN_STRICT_PROTOTYPES = YES;
				CLANG_WARN_SUSPICIOUS_MOVE = YES;
				CLANG_WARN_UNGUARDED_AVAILABILITY = YES_AGGRESSIVE;
				CLANG_WARN_UNREACHABLE_CODE = YES;
				CLANG_WARN__DUPLICATE_METHOD_MATCH = YES;
				CODE_SIGN_IDENTITY = "iPhone Developer";
				COPY_PHASE_STRIP = NO;
				DEBUG_INFORMATION_FORMAT = "dwarf-with-dsym";
				ENABLE_NS_ASSERTIONS = NO;
				ENABLE_STRICT_OBJC_MSGSEND = YES;
				GCC_C_LANGUAGE_STANDARD = gnu11;
				GCC_NO_COMMON_BLOCKS = YES;
				GCC_WARN_64_TO_32_BIT_CONVERSION = YES;
				GCC_WARN_ABOUT_RETURN_TYPE = YES_ERROR;
				GCC_WARN_UNDECLARED_SELECTOR = YES;
				GCC_WARN_UNINITIALIZED_AUTOS = YES_AGGRESSIVE;
				GCC_WARN_UNUSED_FUNCTION = YES;
				GCC_WARN_UNUSED_VARIABLE = YES;
				IPHONEOS_DEPLOYMENT_TARGET = 12.0;
				MTL_ENABLE_DEBUG_INFO = NO;
				MTL_FAST_MATH = YES;
				SDKROOT = iphoneos;
				SWIFT_COMPILATION_MODE = wholemodule;
				SWIFT_OPTIMIZATION_LEVEL = "-O";
				VALIDATE_PRODUCT = YES;
			};
			name = Release;
		};
		09D04EA421728E6700BBA901 /* Debug */ = {
			isa = XCBuildConfiguration;
			buildSettings = {
				ASSETCATALOG_COMPILER_APPICON_NAME = AppIcon;
				CODE_SIGN_STYLE = Automatic;
				INFOPLIST_FILE = Flashcards/Info.plist;
				LD_RUNPATH_SEARCH_PATHS = (
					"$(inherited)",
					"@executable_path/Frameworks",
				);
				PRODUCT_BUNDLE_IDENTIFIER = com.ethelwong.Flashcards;
				PRODUCT_NAME = "$(TARGET_NAME)";
				SWIFT_VERSION = 4.2;
				TARGETED_DEVICE_FAMILY = "1,2";
			};
			name = Debug;
		};
		09D04EA521728E6700BBA901 /* Release */ = {
			isa = XCBuildConfiguration;
			buildSettings = {
				ASSETCATALOG_COMPILER_APPICON_NAME = AppIcon;
				CODE_SIGN_STYLE = Automatic;
				INFOPLIST_FILE = Flashcards/Info.plist;
				LD_RUNPATH_SEARCH_PATHS = (
					"$(inherited)",
					"@executable_path/Frameworks",
				);
				PRODUCT_BUNDLE_IDENTIFIER = com.ethelwong.Flashcards;
				PRODUCT_NAME = "$(TARGET_NAME)";
				SWIFT_VERSION = 4.2;
				TARGETED_DEVICE_FAMILY = "1,2";
			};
			name = Release;
		};
		09D04EA721728E6700BBA901 /* Debug */ = {
			isa = XCBuildConfiguration;
			buildSettings = {
				ALWAYS_EMBED_SWIFT_STANDARD_LIBRARIES = YES;
				BUNDLE_LOADER = "$(TEST_HOST)";
				CODE_SIGN_STYLE = Automatic;
				INFOPLIST_FILE = FlashcardsTests/Info.plist;
				LD_RUNPATH_SEARCH_PATHS = (
					"$(inherited)",
					"@executable_path/Frameworks",
					"@loader_path/Frameworks",
				);
				PRODUCT_BUNDLE_IDENTIFIER = com.ethelwong.FlashcardsTests;
				PRODUCT_NAME = "$(TARGET_NAME)";
				SWIFT_VERSION = 4.2;
				TARGETED_DEVICE_FAMILY = "1,2";
				TEST_HOST = "$(BUILT_PRODUCTS_DIR)/Flashcards.app/Flashcards";
			};
			name = Debug;
		};
		09D04EA821728E6700BBA901 /* Release */ = {
			isa = XCBuildConfiguration;
			buildSettings = {
				ALWAYS_EMBED_SWIFT_STANDARD_LIBRARIES = YES;
				BUNDLE_LOADER = "$(TEST_HOST)";
				CODE_SIGN_STYLE = Automatic;
				INFOPLIST_FILE = FlashcardsTests/Info.plist;
				LD_RUNPATH_SEARCH_PATHS = (
					"$(inherited)",
					"@executable_path/Frameworks",
					"@loader_path/Frameworks",
				);
				PRODUCT_BUNDLE_IDENTIFIER = com.ethelwong.FlashcardsTests;
				PRODUCT_NAME = "$(TARGET_NAME)";
				SWIFT_VERSION = 4.2;
				TARGETED_DEVICE_FAMILY = "1,2";
				TEST_HOST = "$(BUILT_PRODUCTS_DIR)/Flashcards.app/Flashcards";
			};
			name = Release;
		};
		09D04EAA21728E6700BBA901 /* Debug */ = {
			isa = XCBuildConfiguration;
			buildSettings = {
				ALWAYS_EMBED_SWIFT_STANDARD_LIBRARIES = YES;
				CODE_SIGN_STYLE = Automatic;
				INFOPLIST_FILE = FlashcardsUITests/Info.plist;
				LD_RUNPATH_SEARCH_PATHS = (
					"$(inherited)",
					"@executable_path/Frameworks",
					"@loader_path/Frameworks",
				);
				PRODUCT_BUNDLE_IDENTIFIER = com.ethelwong.FlashcardsUITests;
				PRODUCT_NAME = "$(TARGET_NAME)";
				SWIFT_VERSION = 4.2;
				TARGETED_DEVICE_FAMILY = "1,2";
				TEST_TARGET_NAME = Flashcards;
			};
			name = Debug;
		};
		09D04EAB21728E6700BBA901 /* Release */ = {
			isa = XCBuildConfiguration;
			buildSettings = {
				ALWAYS_EMBED_SWIFT_STANDARD_LIBRARIES = YES;
				CODE_SIGN_STYLE = Automatic;
				INFOPLIST_FILE = FlashcardsUITests/Info.plist;
				LD_RUNPATH_SEARCH_PATHS = (
					"$(inherited)",
					"@executable_path/Frameworks",
					"@loader_path/Frameworks",
				);
				PRODUCT_BUNDLE_IDENTIFIER = com.ethelwong.FlashcardsUITests;
				PRODUCT_NAME = "$(TARGET_NAME)";
				SWIFT_VERSION = 4.2;
				TARGETED_DEVICE_FAMILY = "1,2";
				TEST_TARGET_NAME = Flashcards;
			};
			name = Release;
		};
/* End XCBuildConfiguration section */

/* Begin XCConfigurationList section */
		09D04E7621728E6500BBA901 /* Build configuration list for PBXProject "Flashcards" */ = {
			isa = XCConfigurationList;
			buildConfigurations = (
				09D04EA121728E6700BBA901 /* Debug */,
				09D04EA221728E6700BBA901 /* Release */,
			);
			defaultConfigurationIsVisible = 0;
			defaultConfigurationName = Release;
		};
		09D04EA321728E6700BBA901 /* Build configuration list for PBXNativeTarget "Flashcards" */ = {
			isa = XCConfigurationList;
			buildConfigurations = (
				09D04EA421728E6700BBA901 /* Debug */,
				09D04EA521728E6700BBA901 /* Release */,
			);
			defaultConfigurationIsVisible = 0;
			defaultConfigurationName = Release;
		};
		09D04EA621728E6700BBA901 /* Build configuration list for PBXNativeTarget "FlashcardsTests" */ = {
			isa = XCConfigurationList;
			buildConfigurations = (
				09D04EA721728E6700BBA901 /* Debug */,
				09D04EA821728E6700BBA901 /* Release */,
			);
			defaultConfigurationIsVisible = 0;
			defaultConfigurationName = Release;
		};
		09D04EA921728E6700BBA901 /* Build configuration list for PBXNativeTarget "FlashcardsUITests" */ = {
			isa = XCConfigurationList;
			buildConfigurations = (
				09D04EAA21728E6700BBA901 /* Debug */,
				09D04EAB21728E6700BBA901 /* Release */,
			);
			defaultConfigurationIsVisible = 0;
			defaultConfigurationName = Release;
		};
/* End XCConfigurationList section */
	};
	rootObject = 09D04E7321728E6500BBA901 /* Project object */;
}
